<?xml version="1.0" encoding="utf-8"?>
<Project ToolsVersion="4.0" xmlns="http://schemas.microsoft.com/developer/msbuild/2003">
  <ItemGroup>
    <ClInclude Include="..\Source\Perft.h" />
    <ClInclude Include="..\Source\Threads.h" />
    <ClInclude Include="..\Source\Core.h" />
    <ClInclude Include="..\Source\Tokenizer.h" />
    <ClInclude Include="..\Source\TreeSearcher.h" />
    <ClInclude Include="..\Source\PlayoutJob.h" />
    <ClInclude Include="..\Source\BitBoard.h" />
    <ClInclude Include="..\Source\Defs.h" />
    <ClInclude Include="..\Source\Evaluation.h" />
    <ClInclude Include="..\Source\GamePlayer.h" />
    <ClInclude Include="..\Source\MoveList.h" />
    <ClInclude Include="..\Source\MoveMap.h" />
    <ClInclude Include="..\Source\Operations.h" />
    <ClInclude Include="..\Source\Options.h" />
    <ClInclude Include="..\Source\Platform.h" />
    <ClInclude Include="..\Source\Position.h" />
    <ClInclude Include="..\Source\Random.h" />
    <ClInclude Include="..\Source\Profiler.h" />
    <ClInclude Include="..\Source\UciEngine.h" />
    <ClInclude Include="..\Source\Serialization.h" />
    <ClInclude Include="..\Source\TreeNode.h" />
    <ClInclude Include="..\Source\PlayoutCpu.h" />
    <ClInclude Include="..\Source\SIMD-AVX2.h" />
    <ClInclude Include="..\Source\SIMD-AVX512.h" />
    <ClInclude Include="..\Source\SIMD-SSE4.h" />
    <ClInclude Include="..\Source\CpuWorker.h" />
    <ClInclude Include="..\Source\GpuWorker.h" />
  </ItemGroup>
  <ItemGroup>
    <ClCompile Include="..\Source\Corvid.cpp" />
  </ItemGroup>
</Project>