<?xml version="1.0" encoding="utf-8"?>
<Project ToolsVersion="4.0" xmlns="http://schemas.microsoft.com/developer/msbuild/2003">
  <ItemGroup>
    <Filter Include="Chess">
      <UniqueIdentifier>{7a0668f8-ee1e-4359-9a56-6bed5451038d}</UniqueIdentifier>
    </Filter>
    <Filter Include="CUDA">
      <UniqueIdentifier>{0ec58702-a008-4e18-adad-835b0576a7e5}</UniqueIdentifier>
    </Filter>
    <Filter Include="SIMD">
      <UniqueIdentifier>{99c19bad-987c-4fcc-bfff-87b193118208}</UniqueIdentifier>
    </Filter>
    <Filter Include="TreeSearch">
      <UniqueIdentifier>{786503bf-7523-4803-85d3-da80227a7673}</UniqueIdentifier>
    </Filter>
    <Filter Include="Util">
      <UniqueIdentifier>{adbe6f83-e3b1-4ca7-a0e9-78375f38ed31}</UniqueIdentifier>
    </Filter>
  </ItemGroup>
  <ItemGroup>
    <ClInclude Include="..\Source\Chess\BitBoard.h">
      <Filter>Chess</Filter>
    </ClInclude>
    <ClInclude Include="..\Source\Chess\Defs.h">
      <Filter>Chess</Filter>
    </ClInclude>
    <ClInclude Include="..\Source\Chess\MoveList.h">
      <Filter>Chess</Filter>
    </ClInclude>
    <ClInclude Include="..\Source\Chess\MoveMap.h">
      <Filter>Chess</Filter>
    </ClInclude>
    <ClInclude Include="..\Source\Chess\Operations.h">
      <Filter>Chess</Filter>
    </ClInclude>
    <ClInclude Include="..\Source\Chess\Position.h">
      <Filter>Chess</Filter>
    </ClInclude>
    <ClInclude Include="..\Source\Chess.h" />
    <ClInclude Include="..\Source\Common.h" />
    <ClInclude Include="..\Source\GlobalOptions.h" />
    <ClInclude Include="..\Source\Platform.h" />
    <ClInclude Include="..\Source\UciEngine.h" />
    <ClInclude Include="..\Source\Version.h" />
    <ClInclude Include="..\Source\CUDA\CudaSupport.h">
      <Filter>CUDA</Filter>
    </ClInclude>
    <ClInclude Include="..\Source\CUDA\CudaWorker.h">
      <Filter>CUDA</Filter>
    </ClInclude>
    <ClInclude Include="..\Source\Util\Allocator.h">
      <Filter>Util</Filter>
    </ClInclude>
    <ClInclude Include="..\Source\Util\CpuInfo.h">
      <Filter>Util</Filter>
    </ClInclude>
    <ClInclude Include="..\Source\Util\FEN.h">
      <Filter>Util</Filter>
    </ClInclude>
    <ClInclude Include="..\Source\Util\Perft.h">
      <Filter>Util</Filter>
    </ClInclude>
    <ClInclude Include="..\Source\Util\PidController.h">
      <Filter>Util</Filter>
    </ClInclude>
    <ClInclude Include="..\Source\Util\Queue.h">
      <Filter>Util</Filter>
    </ClInclude>
    <ClInclude Include="..\Source\Util\Random.h">
      <Filter>Util</Filter>
    </ClInclude>
    <ClInclude Include="..\Source\Util\ThreadSync.h">
      <Filter>Util</Filter>
    </ClInclude>
    <ClInclude Include="..\Source\Util\Timer.h">
      <Filter>Util</Filter>
    </ClInclude>
    <ClInclude Include="..\Source\Util\Tokenizer.h">
      <Filter>Util</Filter>
    </ClInclude>
    <ClInclude Include="..\Source\TreeSearch\AsyncWorker.h">
      <Filter>TreeSearch</Filter>
    </ClInclude>
    <ClInclude Include="..\Source\TreeSearch\GamePlayer.h">
      <Filter>TreeSearch</Filter>
    </ClInclude>
    <ClInclude Include="..\Source\TreeSearch\PlayoutBatch.h">
      <Filter>TreeSearch</Filter>
    </ClInclude>
    <ClInclude Include="..\Source\TreeSearch\PlayoutParams.h">
      <Filter>TreeSearch</Filter>
    </ClInclude>
    <ClInclude Include="..\Source\TreeSearch\ScoreCard.h">
      <Filter>TreeSearch</Filter>
    </ClInclude>
    <ClInclude Include="..\Source\TreeSearch\TreeNode.h">
      <Filter>TreeSearch</Filter>
    </ClInclude>
    <ClInclude Include="..\Source\TreeSearch\TreeSearch.h">
      <Filter>TreeSearch</Filter>
    </ClInclude>
    <ClInclude Include="..\Source\SIMD\AVX2.h">
      <Filter>SIMD</Filter>
    </ClInclude>
    <ClInclude Include="..\Source\SIMD\AVX512.h">
      <Filter>SIMD</Filter>
    </ClInclude>
    <ClInclude Include="..\Source\SIMD\SimdPlayer.h">
      <Filter>SIMD</Filter>
    </ClInclude>
    <ClInclude Include="..\Source\SIMD\SimdWorker.h">
      <Filter>SIMD</Filter>
    </ClInclude>
    <ClInclude Include="..\Source\SIMD\SSE4.h">
      <Filter>SIMD</Filter>
    </ClInclude>
  </ItemGroup>
  <ItemGroup>
    <ClCompile Include="..\Source\Jaglavak.cpp" />
    <ClCompile Include="..\Source\UciEngine.cpp" />
    <ClCompile Include="..\Source\CUDA\CudaWorker.cpp">
      <Filter>CUDA</Filter>
    </ClCompile>
    <ClCompile Include="..\Source\TreeSearch\TreeNode.cpp">
      <Filter>TreeSearch</Filter>
    </ClCompile>
    <ClCompile Include="..\Source\TreeSearch\TreeSearch.cpp">
      <Filter>TreeSearch</Filter>
    </ClCompile>
    <ClCompile Include="..\Source\SIMD\AVX2.cpp">
      <Filter>SIMD</Filter>
    </ClCompile>
    <ClCompile Include="..\Source\SIMD\AVX512.cpp">
      <Filter>SIMD</Filter>
    </ClCompile>
    <ClCompile Include="..\Source\SIMD\SSE4.cpp">
      <Filter>SIMD</Filter>
    </ClCompile>
    <ClCompile Include="..\Source\SIMD\X64.cpp">
      <Filter>SIMD</Filter>
    </ClCompile>
  </ItemGroup>
  <ItemGroup>
    <None Include="..\Source\DefaultSettings.json" />
    <None Include="..\Docker\Dockerfile" />
  </ItemGroup>
  <ItemGroup>
    <CudaCompile Include="..\Source\CUDA\CudaPlayer.cu">
      <Filter>CUDA</Filter>
    </CudaCompile>
  </ItemGroup>
  <ItemGroup>
    <Text Include="..\CMakeLists.txt" />
  </ItemGroup>
</Project>